
Microsoft Visual Studio Solution File, Format Version 12.00
# Visual Studio Version 17
VisualStudioVersion = 17.4.33122.133
MinimumVisualStudioVersion = 10.0.40219.1
Project("{FAE04EC0-301F-11D3-BF4B-00C04F79EFBC}") = "08.while循环", "08.while循环.csproj", "{9FF137D1-DEFA-46BD-A175-21A7C683291D}"
EndProject
Project("{FAE04EC0-301F-11D3-BF4B-00C04F79EFBC}") = "08.while循环 do-while", "..\08.while循环 do-while\08.while循环 do-while.csproj", "{02FCA141-D56B-4C08-A228-9829B63BAAFD}"
EndProject
Project("{FAE04EC0-301F-11D3-BF4B-00C04F79EFBC}") = "09.逻辑运算 与或非", "..\09.逻辑运算 与或非\09.逻辑运算 与或非.csproj", "{D62EC723-C90B-42C3-A430-11E011B702E3}"
EndProject
Project("{FAE04EC0-301F-11D3-BF4B-00C04F79EFBC}") = "10.其他运算符", "..\10.其他运算符\10.其他运算符.csproj", "{70FC85AB-C9F1-4893-9A96-9BEECB1CA315}"
EndProject
Project("{FAE04EC0-301F-11D3-BF4B-00C04F79EFBC}") = "11.方法的编写与使用", "..\11.方法的编写与使用\11.方法的编写与使用.csproj", "{16EDF4C7-B107-4A79-987B-57E9F8565371}"
EndProject
Project("{FAE04EC0-301F-11D3-BF4B-00C04F79EFBC}") = "12.抽取方法", "..\12.抽取方法\12.抽取方法.csproj", "{ADC72151-00F9-4131-B4C1-843CD5ECA649}"
EndProject
Project("{FAE04EC0-301F-11D3-BF4B-00C04F79EFBC}") = "13.变量和方法在内存是如何操作的", "..\13.变量和方法在内存是如何操作的\13.变量和方法在内存是如何操作的.csproj", "{3577728C-2CD2-45B9-BF54-0EF47052D07A}"
EndProject
Project("{FAE04EC0-301F-11D3-BF4B-00C04F79EFBC}") = "14.解决方案与项目的关系", "..\14.解决方案与项目的关系\14.解决方案与项目的关系.csproj", "{A4926518-DD41-4559-9EC8-9FA1274DF2CA}"
EndProject
Project("{9A19103F-16F7-4668-BE54-9A1E7A4F7556}") = "14.解决方案与项目的关系的类库", "..\14.解决方案与项目的关系的类库\14.解决方案与项目的关系的类库.csproj", "{C314653E-5F6B-4B47-981D-02657B187824}"
EndProject
Project("{FAE04EC0-301F-11D3-BF4B-00C04F79EFBC}") = "15.类与对象", "..\类与对象\15.类与对象.csproj", "{5ACED8C3-97ED-42CC-ADAD-6536EF51EA9C}"
EndProject
Project("{FAE04EC0-301F-11D3-BF4B-00C04F79EFBC}") = "16.学生对象练手", "..\16.学生对象练手\16.学生对象练手.csproj", "{45E9B058-2ED9-4116-A5F2-96883456C3F4}"
EndProject
Project("{FAE04EC0-301F-11D3-BF4B-00C04F79EFBC}") = "17.对象的属性", "..\17.对象的属性\17.对象的属性.csproj", "{142B6DDB-E0A4-4959-B7C7-E22744C5D051}"
EndProject
Project("{FAE04EC0-301F-11D3-BF4B-00C04F79EFBC}") = "18.this关键字", "..\18.this关键字\18.this关键字.csproj", "{C78B6B56-DC6C-4B43-9F22-826F4BA9E444}"
EndProject
Project("{9A19103F-16F7-4668-BE54-9A1E7A4F7556}") = "19.窗口常用属性", "..\19.窗口常用属性\19.窗口常用属性.csproj", "{E7C4BF77-9242-4CEC-9A9D-F343C67345FE}"
EndProject
Project("{9A19103F-16F7-4668-BE54-9A1E7A4F7556}") = "20.对象的封装", "..\20.对象的封装\20.对象的封装.csproj", "{06D52C3D-E16D-4505-A4DF-17493F9F70CE}"
EndProject
Project("{9A19103F-16F7-4668-BE54-9A1E7A4F7556}") = "21.构造函数", "..\21.构造函数\21.构造函数.csproj", "{1EA5AED4-E506-40B6-8497-07D6A521EF7C}"
EndProject
Project("{9A19103F-16F7-4668-BE54-9A1E7A4F7556}") = "22.类的四大成员", "..\22.类的四大成员\22.类的四大成员.csproj", "{5E54A9A4-15D7-4F0E-8977-CD357F5C9F92}"
EndProject
Project("{9A19103F-16F7-4668-BE54-9A1E7A4F7556}") = "23.访问类的四大成员", "..\23.访问类的四大成员\23.访问类的四大成员.csproj", "{3EBE5422-EBCC-45B8-B83C-BB311F262B0E}"
EndProject
Project("{9A19103F-16F7-4668-BE54-9A1E7A4F7556}") = "24.类成员的访问修饰符", "..\24.类成员的访问修饰符\24.类成员的访问修饰符.csproj", "{171F5F88-1A69-4DCF-9241-DB472EFACA80}"
EndProject
Project("{9A19103F-16F7-4668-BE54-9A1E7A4F7556}") = "25.方法的重载", "..\25.方法的重载\25.方法的重载.csproj", "{0BFEA710-E57E-433C-9AD6-C449C8025948}"
EndProject
Project("{9A19103F-16F7-4668-BE54-9A1E7A4F7556}") = "26.构造函数的重载", "..\26.构造函数的重载\26.构造函数的重载.csproj", "{DC0E5D06-CF4E-41CE-833D-70C9E0CC8178}"
EndProject
Project("{9A19103F-16F7-4668-BE54-9A1E7A4F7556}") = "27.窗口控件常用属性", "..\27.窗口控件常用属性\27.窗口控件常用属性.csproj", "{6D12BA3B-16EE-444F-8F1B-BBA496A6B211}"
EndProject
Project("{FAE04EC0-301F-11D3-BF4B-00C04F79EFBC}") = "28.窗体常用的方法和事件", "..\28.窗体常用的方法和事件\28.窗体常用的方法和事件.csproj", "{BEDD7CD7-A279-4D1A-A93F-5D35A8ED3120}"
EndProject
Global
	GlobalSection(SolutionConfigurationPlatforms) = preSolution
		Debug|Any CPU = Debug|Any CPU
		Release|Any CPU = Release|Any CPU
	EndGlobalSection
	GlobalSection(ProjectConfigurationPlatforms) = postSolution
		{9FF137D1-DEFA-46BD-A175-21A7C683291D}.Debug|Any CPU.ActiveCfg = Debug|Any CPU
		{9FF137D1-DEFA-46BD-A175-21A7C683291D}.Debug|Any CPU.Build.0 = Debug|Any CPU
		{9FF137D1-DEFA-46BD-A175-21A7C683291D}.Release|Any CPU.ActiveCfg = Release|Any CPU
		{9FF137D1-DEFA-46BD-A175-21A7C683291D}.Release|Any CPU.Build.0 = Release|Any CPU
		{02FCA141-D56B-4C08-A228-9829B63BAAFD}.Debug|Any CPU.ActiveCfg = Debug|Any CPU
		{02FCA141-D56B-4C08-A228-9829B63BAAFD}.Debug|Any CPU.Build.0 = Debug|Any CPU
		{02FCA141-D56B-4C08-A228-9829B63BAAFD}.Release|Any CPU.ActiveCfg = Release|Any CPU
		{02FCA141-D56B-4C08-A228-9829B63BAAFD}.Release|Any CPU.Build.0 = Release|Any CPU
		{D62EC723-C90B-42C3-A430-11E011B702E3}.Debug|Any CPU.ActiveCfg = Debug|Any CPU
		{D62EC723-C90B-42C3-A430-11E011B702E3}.Debug|Any CPU.Build.0 = Debug|Any CPU
		{D62EC723-C90B-42C3-A430-11E011B702E3}.Release|Any CPU.ActiveCfg = Release|Any CPU
		{D62EC723-C90B-42C3-A430-11E011B702E3}.Release|Any CPU.Build.0 = Release|Any CPU
		{70FC85AB-C9F1-4893-9A96-9BEECB1CA315}.Debug|Any CPU.ActiveCfg = Debug|Any CPU
		{70FC85AB-C9F1-4893-9A96-9BEECB1CA315}.Debug|Any CPU.Build.0 = Debug|Any CPU
		{70FC85AB-C9F1-4893-9A96-9BEECB1CA315}.Release|Any CPU.ActiveCfg = Release|Any CPU
		{70FC85AB-C9F1-4893-9A96-9BEECB1CA315}.Release|Any CPU.Build.0 = Release|Any CPU
		{16EDF4C7-B107-4A79-987B-57E9F8565371}.Debug|Any CPU.ActiveCfg = Debug|Any CPU
		{16EDF4C7-B107-4A79-987B-57E9F8565371}.Debug|Any CPU.Build.0 = Debug|Any CPU
		{16EDF4C7-B107-4A79-987B-57E9F8565371}.Release|Any CPU.ActiveCfg = Release|Any CPU
		{16EDF4C7-B107-4A79-987B-57E9F8565371}.Release|Any CPU.Build.0 = Release|Any CPU
		{ADC72151-00F9-4131-B4C1-843CD5ECA649}.Debug|Any CPU.ActiveCfg = Debug|Any CPU
		{ADC72151-00F9-4131-B4C1-843CD5ECA649}.Debug|Any CPU.Build.0 = Debug|Any CPU
		{ADC72151-00F9-4131-B4C1-843CD5ECA649}.Release|Any CPU.ActiveCfg = Release|Any CPU
		{ADC72151-00F9-4131-B4C1-843CD5ECA649}.Release|Any CPU.Build.0 = Release|Any CPU
		{3577728C-2CD2-45B9-BF54-0EF47052D07A}.Debug|Any CPU.ActiveCfg = Debug|Any CPU
		{3577728C-2CD2-45B9-BF54-0EF47052D07A}.Debug|Any CPU.Build.0 = Debug|Any CPU
		{3577728C-2CD2-45B9-BF54-0EF47052D07A}.Release|Any CPU.ActiveCfg = Release|Any CPU
		{3577728C-2CD2-45B9-BF54-0EF47052D07A}.Release|Any CPU.Build.0 = Release|Any CPU
		{A4926518-DD41-4559-9EC8-9FA1274DF2CA}.Debug|Any CPU.ActiveCfg = Debug|Any CPU
		{A4926518-DD41-4559-9EC8-9FA1274DF2CA}.Debug|Any CPU.Build.0 = Debug|Any CPU
		{A4926518-DD41-4559-9EC8-9FA1274DF2CA}.Release|Any CPU.ActiveCfg = Release|Any CPU
		{A4926518-DD41-4559-9EC8-9FA1274DF2CA}.Release|Any CPU.Build.0 = Release|Any CPU
		{C314653E-5F6B-4B47-981D-02657B187824}.Debug|Any CPU.ActiveCfg = Debug|Any CPU
		{C314653E-5F6B-4B47-981D-02657B187824}.Debug|Any CPU.Build.0 = Debug|Any CPU
		{C314653E-5F6B-4B47-981D-02657B187824}.Release|Any CPU.ActiveCfg = Release|Any CPU
		{C314653E-5F6B-4B47-981D-02657B187824}.Release|Any CPU.Build.0 = Release|Any CPU
		{5ACED8C3-97ED-42CC-ADAD-6536EF51EA9C}.Debug|Any CPU.ActiveCfg = Debug|Any CPU
		{5ACED8C3-97ED-42CC-ADAD-6536EF51EA9C}.Debug|Any CPU.Build.0 = Debug|Any CPU
		{5ACED8C3-97ED-42CC-ADAD-6536EF51EA9C}.Release|Any CPU.ActiveCfg = Release|Any CPU
		{5ACED8C3-97ED-42CC-ADAD-6536EF51EA9C}.Release|Any CPU.Build.0 = Release|Any CPU
		{45E9B058-2ED9-4116-A5F2-96883456C3F4}.Debug|Any CPU.ActiveCfg = Debug|Any CPU
		{45E9B058-2ED9-4116-A5F2-96883456C3F4}.Debug|Any CPU.Build.0 = Debug|Any CPU
		{45E9B058-2ED9-4116-A5F2-96883456C3F4}.Release|Any CPU.ActiveCfg = Release|Any CPU
		{45E9B058-2ED9-4116-A5F2-96883456C3F4}.Release|Any CPU.Build.0 = Release|Any CPU
		{142B6DDB-E0A4-4959-B7C7-E22744C5D051}.Debug|Any CPU.ActiveCfg = Debug|Any CPU
		{142B6DDB-E0A4-4959-B7C7-E22744C5D051}.Debug|Any CPU.Build.0 = Debug|Any CPU
		{142B6DDB-E0A4-4959-B7C7-E22744C5D051}.Release|Any CPU.ActiveCfg = Release|Any CPU
		{142B6DDB-E0A4-4959-B7C7-E22744C5D051}.Release|Any CPU.Build.0 = Release|Any CPU
		{C78B6B56-DC6C-4B43-9F22-826F4BA9E444}.Debug|Any CPU.ActiveCfg = Debug|Any CPU
		{C78B6B56-DC6C-4B43-9F22-826F4BA9E444}.Debug|Any CPU.Build.0 = Debug|Any CPU
		{C78B6B56-DC6C-4B43-9F22-826F4BA9E444}.Release|Any CPU.ActiveCfg = Release|Any CPU
		{C78B6B56-DC6C-4B43-9F22-826F4BA9E444}.Release|Any CPU.Build.0 = Release|Any CPU
		{E7C4BF77-9242-4CEC-9A9D-F343C67345FE}.Debug|Any CPU.ActiveCfg = Debug|Any CPU
		{E7C4BF77-9242-4CEC-9A9D-F343C67345FE}.Debug|Any CPU.Build.0 = Debug|Any CPU
		{E7C4BF77-9242-4CEC-9A9D-F343C67345FE}.Release|Any CPU.ActiveCfg = Release|Any CPU
		{E7C4BF77-9242-4CEC-9A9D-F343C67345FE}.Release|Any CPU.Build.0 = Release|Any CPU
		{06D52C3D-E16D-4505-A4DF-17493F9F70CE}.Debug|Any CPU.ActiveCfg = Debug|Any CPU
		{06D52C3D-E16D-4505-A4DF-17493F9F70CE}.Debug|Any CPU.Build.0 = Debug|Any CPU
		{06D52C3D-E16D-4505-A4DF-17493F9F70CE}.Release|Any CPU.ActiveCfg = Release|Any CPU
		{06D52C3D-E16D-4505-A4DF-17493F9F70CE}.Release|Any CPU.Build.0 = Release|Any CPU
		{1EA5AED4-E506-40B6-8497-07D6A521EF7C}.Debug|Any CPU.ActiveCfg = Debug|Any CPU
		{1EA5AED4-E506-40B6-8497-07D6A521EF7C}.Debug|Any CPU.Build.0 = Debug|Any CPU
		{1EA5AED4-E506-40B6-8497-07D6A521EF7C}.Release|Any CPU.ActiveCfg = Release|Any CPU
		{1EA5AED4-E506-40B6-8497-07D6A521EF7C}.Release|Any CPU.Build.0 = Release|Any CPU
		{5E54A9A4-15D7-4F0E-8977-CD357F5C9F92}.Debug|Any CPU.ActiveCfg = Debug|Any CPU
		{5E54A9A4-15D7-4F0E-8977-CD357F5C9F92}.Debug|Any CPU.Build.0 = Debug|Any CPU
		{5E54A9A4-15D7-4F0E-8977-CD357F5C9F92}.Release|Any CPU.ActiveCfg = Release|Any CPU
		{5E54A9A4-15D7-4F0E-8977-CD357F5C9F92}.Release|Any CPU.Build.0 = Release|Any CPU
		{3EBE5422-EBCC-45B8-B83C-BB311F262B0E}.Debug|Any CPU.ActiveCfg = Debug|Any CPU
		{3EBE5422-EBCC-45B8-B83C-BB311F262B0E}.Debug|Any CPU.Build.0 = Debug|Any CPU
		{3EBE5422-EBCC-45B8-B83C-BB311F262B0E}.Release|Any CPU.ActiveCfg = Release|Any CPU
		{3EBE5422-EBCC-45B8-B83C-BB311F262B0E}.Release|Any CPU.Build.0 = Release|Any CPU
		{171F5F88-1A69-4DCF-9241-DB472EFACA80}.Debug|Any CPU.ActiveCfg = Debug|Any CPU
		{171F5F88-1A69-4DCF-9241-DB472EFACA80}.Debug|Any CPU.Build.0 = Debug|Any CPU
		{171F5F88-1A69-4DCF-9241-DB472EFACA80}.Release|Any CPU.ActiveCfg = Release|Any CPU
		{171F5F88-1A69-4DCF-9241-DB472EFACA80}.Release|Any CPU.Build.0 = Release|Any CPU
		{0BFEA710-E57E-433C-9AD6-C449C8025948}.Debug|Any CPU.ActiveCfg = Debug|Any CPU
		{0BFEA710-E57E-433C-9AD6-C449C8025948}.Debug|Any CPU.Build.0 = Debug|Any CPU
		{0BFEA710-E57E-433C-9AD6-C449C8025948}.Release|Any CPU.ActiveCfg = Release|Any CPU
		{0BFEA710-E57E-433C-9AD6-C449C8025948}.Release|Any CPU.Build.0 = Release|Any CPU
		{DC0E5D06-CF4E-41CE-833D-70C9E0CC8178}.Debug|Any CPU.ActiveCfg = Debug|Any CPU
		{DC0E5D06-CF4E-41CE-833D-70C9E0CC8178}.Debug|Any CPU.Build.0 = Debug|Any CPU
		{DC0E5D06-CF4E-41CE-833D-70C9E0CC8178}.Release|Any CPU.ActiveCfg = Release|Any CPU
		{DC0E5D06-CF4E-41CE-833D-70C9E0CC8178}.Release|Any CPU.Build.0 = Release|Any CPU
		{6D12BA3B-16EE-444F-8F1B-BBA496A6B211}.Debug|Any CPU.ActiveCfg = Debug|Any CPU
		{6D12BA3B-16EE-444F-8F1B-BBA496A6B211}.Debug|Any CPU.Build.0 = Debug|Any CPU
		{6D12BA3B-16EE-444F-8F1B-BBA496A6B211}.Release|Any CPU.ActiveCfg = Release|Any CPU
		{6D12BA3B-16EE-444F-8F1B-BBA496A6B211}.Release|Any CPU.Build.0 = Release|Any CPU
		{BEDD7CD7-A279-4D1A-A93F-5D35A8ED3120}.Debug|Any CPU.ActiveCfg = Debug|Any CPU
		{BEDD7CD7-A279-4D1A-A93F-5D35A8ED3120}.Debug|Any CPU.Build.0 = Debug|Any CPU
		{BEDD7CD7-A279-4D1A-A93F-5D35A8ED3120}.Release|Any CPU.ActiveCfg = Release|Any CPU
		{BEDD7CD7-A279-4D1A-A93F-5D35A8ED3120}.Release|Any CPU.Build.0 = Release|Any CPU
	EndGlobalSection
	GlobalSection(SolutionProperties) = preSolution
		HideSolutionNode = FALSE
	EndGlobalSection
	GlobalSection(ExtensibilityGlobals) = postSolution
		SolutionGuid = {2F0E3EE4-CC7A-4A1B-B76D-98A9B2F0A5F9}
	EndGlobalSection
EndGlobal
